// !$*UTF8*$!
{
	archiveVersion = 1;
	classes = {
	};
	objectVersion = 56;
	objects = {

/* Begin PBXBuildFile section */
		04401D212CBCCCA8001E1E3F /* AppDelegate.swift in Sources */ = {isa = PBXBuildFile; fileRef = 04401D172CBCCCA8001E1E3F /* AppDelegate.swift */; };
		04401D222CBCCCA8001E1E3F /* SceneDelegate.swift in Sources */ = {isa = PBXBuildFile; fileRef = 04401D1E2CBCCCA8001E1E3F /* SceneDelegate.swift */; };
		04401D232CBCCCA8001E1E3F /* ViewController.swift in Sources */ = {isa = PBXBuildFile; fileRef = 04401D1F2CBCCCA8001E1E3F /* ViewController.swift */; };
		04401D242CBCCCA8001E1E3F /* Assets.xcassets in Resources */ = {isa = PBXBuildFile; fileRef = 04401D182CBCCCA8001E1E3F /* Assets.xcassets */; };
		04401D262CBCCCA8001E1E3F /* LaunchScreen.storyboard in Resources */ = {isa = PBXBuildFile; fileRef = 04401D1B2CBCCCA8001E1E3F /* LaunchScreen.storyboard */; };
		04401D272CBCCCA8001E1E3F /* Main.storyboard in Resources */ = {isa = PBXBuildFile; fileRef = 04401D1D2CBCCCA8001E1E3F /* Main.storyboard */; };
		04401D482CBE132E001E1E3F /* LXUploadFileInfo.swift in Sources */ = {isa = PBXBuildFile; fileRef = 04401D432CBE132E001E1E3F /* LXUploadFileInfo.swift */; };
		04401D492CBE132E001E1E3F /* ServerKey.swift in Sources */ = {isa = PBXBuildFile; fileRef = 04401D462CBE132E001E1E3F /* ServerKey.swift */; };
		04401D4A2CBE132E001E1E3F /* MoyaTargetEx.swift in Sources */ = {isa = PBXBuildFile; fileRef = 04401D452CBE132E001E1E3F /* MoyaTargetEx.swift */; };
		04401D4B2CBE132E001E1E3F /* CodableEx.swift in Sources */ = {isa = PBXBuildFile; fileRef = 04401D3E2CBE132E001E1E3F /* CodableEx.swift */; };
		04401D4C2CBE132E001E1E3F /* LXError.swift in Sources */ = {isa = PBXBuildFile; fileRef = 04401D402CBE132E001E1E3F /* LXError.swift */; };
		04401D4D2CBE132E001E1E3F /* TestModel.swift in Sources */ = {isa = PBXBuildFile; fileRef = 04401D3B2CBE132E001E1E3F /* TestModel.swift */; };
		04401D4E2CBE132E001E1E3F /* LXWebServiceHelper.swift in Sources */ = {isa = PBXBuildFile; fileRef = 04401D442CBE132E001E1E3F /* LXWebServiceHelper.swift */; };
		04401D4F2CBE132E001E1E3F /* TestPolicyApi.swift in Sources */ = {isa = PBXBuildFile; fileRef = 04401D3C2CBE132E001E1E3F /* TestPolicyApi.swift */; };
		04401D502CBE132E001E1E3F /* LXAESEncoding.swift in Sources */ = {isa = PBXBuildFile; fileRef = 04401D3F2CBE132E001E1E3F /* LXAESEncoding.swift */; };
		04401D512CBE132E001E1E3F /* LXHandleRequestPlugin.swift in Sources */ = {isa = PBXBuildFile; fileRef = 04401D412CBE132E001E1E3F /* LXHandleRequestPlugin.swift */; };
		04401D522CBE132E001E1E3F /* LXResponseContainer.swift in Sources */ = {isa = PBXBuildFile; fileRef = 04401D422CBE132E001E1E3F /* LXResponseContainer.swift */; };
		04401D542CBE13CC001E1E3F /* DebugPrint.swift in Sources */ = {isa = PBXBuildFile; fileRef = 04401D532CBE13CC001E1E3F /* DebugPrint.swift */; };
		04401D562CBE1C7A001E1E3F /* CityInfo.swift in Sources */ = {isa = PBXBuildFile; fileRef = 04401D552CBE1C7A001E1E3F /* CityInfo.swift */; };
		5E16AFA8710CCF7A8F556F3F /* Pods_WebServiceMoyaCodableResultDemo.framework in Frameworks */ = {isa = PBXBuildFile; fileRef = 702A8AE1DD065F210D88BC8B /* Pods_WebServiceMoyaCodableResultDemo.framework */; };
/* End PBXBuildFile section */

/* Begin PBXFileReference section */
		04401CFF2CBCCC9E001E1E3F /* WebServiceMoyaCodableResultDemo.app */ = {isa = PBXFileReference; explicitFileType = wrapper.application; includeInIndex = 0; path = WebServiceMoyaCodableResultDemo.app; sourceTree = BUILT_PRODUCTS_DIR; };
		04401D172CBCCCA8001E1E3F /* AppDelegate.swift */ = {isa = PBXFileReference; lastKnownFileType = sourcecode.swift; path = AppDelegate.swift; sourceTree = "<group>"; };
		04401D182CBCCCA8001E1E3F /* Assets.xcassets */ = {isa = PBXFileReference; lastKnownFileType = folder.assetcatalog; path = Assets.xcassets; sourceTree = "<group>"; };
		04401D192CBCCCA8001E1E3F /* Info.plist */ = {isa = PBXFileReference; lastKnownFileType = text.plist.xml; path = Info.plist; sourceTree = "<group>"; };
		04401D1A2CBCCCA8001E1E3F /* Base */ = {isa = PBXFileReference; lastKnownFileType = file.storyboard; name = Base; path = Base.lproj/LaunchScreen.storyboard; sourceTree = "<group>"; };
		04401D1C2CBCCCA8001E1E3F /* Base */ = {isa = PBXFileReference; lastKnownFileType = file.storyboard; name = Base; path = Base.lproj/Main.storyboard; sourceTree = "<group>"; };
		04401D1E2CBCCCA8001E1E3F /* SceneDelegate.swift */ = {isa = PBXFileReference; lastKnownFileType = sourcecode.swift; path = SceneDelegate.swift; sourceTree = "<group>"; };
		04401D1F2CBCCCA8001E1E3F /* ViewController.swift */ = {isa = PBXFileReference; lastKnownFileType = sourcecode.swift; path = ViewController.swift; sourceTree = "<group>"; };
		04401D3B2CBE132E001E1E3F /* TestModel.swift */ = {isa = PBXFileReference; lastKnownFileType = sourcecode.swift; path = TestModel.swift; sourceTree = "<group>"; };
		04401D3C2CBE132E001E1E3F /* TestPolicyApi.swift */ = {isa = PBXFileReference; lastKnownFileType = sourcecode.swift; path = TestPolicyApi.swift; sourceTree = "<group>"; };
		04401D3E2CBE132E001E1E3F /* CodableEx.swift */ = {isa = PBXFileReference; lastKnownFileType = sourcecode.swift; path = CodableEx.swift; sourceTree = "<group>"; };
		04401D3F2CBE132E001E1E3F /* LXAESEncoding.swift */ = {isa = PBXFileReference; lastKnownFileType = sourcecode.swift; path = LXAESEncoding.swift; sourceTree = "<group>"; };
		04401D402CBE132E001E1E3F /* LXError.swift */ = {isa = PBXFileReference; lastKnownFileType = sourcecode.swift; path = LXError.swift; sourceTree = "<group>"; };
		04401D412CBE132E001E1E3F /* LXHandleRequestPlugin.swift */ = {isa = PBXFileReference; lastKnownFileType = sourcecode.swift; path = LXHandleRequestPlugin.swift; sourceTree = "<group>"; };
		04401D422CBE132E001E1E3F /* LXResponseContainer.swift */ = {isa = PBXFileReference; lastKnownFileType = sourcecode.swift; path = LXResponseContainer.swift; sourceTree = "<group>"; };
		04401D432CBE132E001E1E3F /* LXUploadFileInfo.swift */ = {isa = PBXFileReference; lastKnownFileType = sourcecode.swift; path = LXUploadFileInfo.swift; sourceTree = "<group>"; };
		04401D442CBE132E001E1E3F /* LXWebServiceHelper.swift */ = {isa = PBXFileReference; lastKnownFileType = sourcecode.swift; path = LXWebServiceHelper.swift; sourceTree = "<group>"; };
		04401D452CBE132E001E1E3F /* MoyaTargetEx.swift */ = {isa = PBXFileReference; lastKnownFileType = sourcecode.swift; path = MoyaTargetEx.swift; sourceTree = "<group>"; };
		04401D462CBE132E001E1E3F /* ServerKey.swift */ = {isa = PBXFileReference; lastKnownFileType = sourcecode.swift; path = ServerKey.swift; sourceTree = "<group>"; };
		04401D532CBE13CC001E1E3F /* DebugPrint.swift */ = {isa = PBXFileReference; lastKnownFileType = sourcecode.swift; path = DebugPrint.swift; sourceTree = "<group>"; };
		04401D552CBE1C7A001E1E3F /* CityInfo.swift */ = {isa = PBXFileReference; lastKnownFileType = sourcecode.swift; path = CityInfo.swift; sourceTree = "<group>"; };
		6CDD91B0870E4AD43F27B0C9 /* Pods-WebServiceMoyaCodableResultDemo.release.xcconfig */ = {isa = PBXFileReference; includeInIndex = 1; lastKnownFileType = text.xcconfig; name = "Pods-WebServiceMoyaCodableResultDemo.release.xcconfig"; path = "Target Support Files/Pods-WebServiceMoyaCodableResultDemo/Pods-WebServiceMoyaCodableResultDemo.release.xcconfig"; sourceTree = "<group>"; };
		702A8AE1DD065F210D88BC8B /* Pods_WebServiceMoyaCodableResultDemo.framework */ = {isa = PBXFileReference; explicitFileType = wrapper.framework; includeInIndex = 0; path = Pods_WebServiceMoyaCodableResultDemo.framework; sourceTree = BUILT_PRODUCTS_DIR; };
		730689C9B162C9F573AA3228 /* Pods-WebServiceMoyaCodableResultDemo.debug.xcconfig */ = {isa = PBXFileReference; includeInIndex = 1; lastKnownFileType = text.xcconfig; name = "Pods-WebServiceMoyaCodableResultDemo.debug.xcconfig"; path = "Target Support Files/Pods-WebServiceMoyaCodableResultDemo/Pods-WebServiceMoyaCodableResultDemo.debug.xcconfig"; sourceTree = "<group>"; };
/* End PBXFileReference section */

/* Begin PBXFrameworksBuildPhase section */
		04401CFC2CBCCC9E001E1E3F /* Frameworks */ = {
			isa = PBXFrameworksBuildPhase;
			buildActionMask = 2147483647;
			files = (
				5E16AFA8710CCF7A8F556F3F /* Pods_WebServiceMoyaCodableResultDemo.framework in Frameworks */,
			);
			runOnlyForDeploymentPostprocessing = 0;
		};
/* End PBXFrameworksBuildPhase section */

/* Begin PBXGroup section */
		04401CF62CBCCC9E001E1E3F = {
			isa = PBXGroup;
			children = (
				04401D202CBCCCA8001E1E3F /* WebServiceMoyaCodableResultDemo */,
				04401D002CBCCC9E001E1E3F /* Products */,
				528AFC02F7FE8BC8DCB65490 /* Pods */,
				6029CFE00290C76F2D54A622 /* Frameworks */,
			);
			sourceTree = "<group>";
		};
		04401D002CBCCC9E001E1E3F /* Products */ = {
			isa = PBXGroup;
			children = (
				04401CFF2CBCCC9E001E1E3F /* WebServiceMoyaCodableResultDemo.app */,
			);
			name = Products;
			sourceTree = "<group>";
		};
		04401D202CBCCCA8001E1E3F /* WebServiceMoyaCodableResultDemo */ = {
			isa = PBXGroup;
			children = (
				04401D282CBCE678001E1E3F /* WebService */,
				04401D172CBCCCA8001E1E3F /* AppDelegate.swift */,
				04401D532CBE13CC001E1E3F /* DebugPrint.swift */,
				04401D182CBCCCA8001E1E3F /* Assets.xcassets */,
				04401D192CBCCCA8001E1E3F /* Info.plist */,
				04401D1B2CBCCCA8001E1E3F /* LaunchScreen.storyboard */,
				04401D1D2CBCCCA8001E1E3F /* Main.storyboard */,
				04401D1E2CBCCCA8001E1E3F /* SceneDelegate.swift */,
				04401D1F2CBCCCA8001E1E3F /* ViewController.swift */,
			);
			path = WebServiceMoyaCodableResultDemo;
			sourceTree = "<group>";
		};
		04401D282CBCE678001E1E3F /* WebService */ = {
			isa = PBXGroup;
			children = (
				04401D3D2CBE132E001E1E3F /* API */,
				04401D472CBE132E001E1E3F /* core */,
			);
			path = WebService;
			sourceTree = "<group>";
		};
		04401D3D2CBE132E001E1E3F /* API */ = {
			isa = PBXGroup;
			children = (
				04401D3B2CBE132E001E1E3F /* TestModel.swift */,
				04401D3C2CBE132E001E1E3F /* TestPolicyApi.swift */,
				04401D552CBE1C7A001E1E3F /* CityInfo.swift */,
			);
			path = API;
			sourceTree = "<group>";
		};
		04401D472CBE132E001E1E3F /* core */ = {
			isa = PBXGroup;
			children = (
				04401D3E2CBE132E001E1E3F /* CodableEx.swift */,
				04401D3F2CBE132E001E1E3F /* LXAESEncoding.swift */,
				04401D402CBE132E001E1E3F /* LXError.swift */,
				04401D412CBE132E001E1E3F /* LXHandleRequestPlugin.swift */,
				04401D422CBE132E001E1E3F /* LXResponseContainer.swift */,
				04401D432CBE132E001E1E3F /* LXUploadFileInfo.swift */,
				04401D442CBE132E001E1E3F /* LXWebServiceHelper.swift */,
				04401D452CBE132E001E1E3F /* MoyaTargetEx.swift */,
				04401D462CBE132E001E1E3F /* ServerKey.swift */,
			);
			path = core;
			sourceTree = "<group>";
		};
		528AFC02F7FE8BC8DCB65490 /* Pods */ = {
			isa = PBXGroup;
			children = (
				730689C9B162C9F573AA3228 /* Pods-WebServiceMoyaCodableResultDemo.debug.xcconfig */,
				6CDD91B0870E4AD43F27B0C9 /* Pods-WebServiceMoyaCodableResultDemo.release.xcconfig */,
			);
			path = Pods;
			sourceTree = "<group>";
		};
		6029CFE00290C76F2D54A622 /* Frameworks */ = {
			isa = PBXGroup;
			children = (
				702A8AE1DD065F210D88BC8B /* Pods_WebServiceMoyaCodableResultDemo.framework */,
			);
			name = Frameworks;
			sourceTree = "<group>";
		};
/* End PBXGroup section */

/* Begin PBXNativeTarget section */
		04401CFE2CBCCC9E001E1E3F /* WebServiceMoyaCodableResultDemo */ = {
			isa = PBXNativeTarget;
			buildConfigurationList = 04401D122CBCCC9F001E1E3F /* Build configuration list for PBXNativeTarget "WebServiceMoyaCodableResultDemo" */;
			buildPhases = (
				2D895FBE184E9A373055644B /* [CP] Check Pods Manifest.lock */,
				04401CFB2CBCCC9E001E1E3F /* Sources */,
				04401CFC2CBCCC9E001E1E3F /* Frameworks */,
				04401CFD2CBCCC9E001E1E3F /* Resources */,
				6F756961B6358D199B95B54C /* [CP] Embed Pods Frameworks */,
			);
			buildRules = (
			);
			dependencies = (
			);
			name = WebServiceMoyaCodableResultDemo;
			productName = WebServiceMoyaCodableResultDemo;
			productReference = 04401CFF2CBCCC9E001E1E3F /* WebServiceMoyaCodableResultDemo.app */;
			productType = "com.apple.product-type.application";
		};
/* End PBXNativeTarget section */

/* Begin PBXProject section */
		04401CF72CBCCC9E001E1E3F /* Project object */ = {
			isa = PBXProject;
			attributes = {
				BuildIndependentTargetsInParallel = 1;
				LastSwiftUpdateCheck = 1600;
				LastUpgradeCheck = 1600;
				TargetAttributes = {
					04401CFE2CBCCC9E001E1E3F = {
						CreatedOnToolsVersion = 16.0;
					};
				};
			};
			buildConfigurationList = 04401CFA2CBCCC9E001E1E3F /* Build configuration list for PBXProject "WebServiceMoyaCodableResultDemo" */;
			compatibilityVersion = "Xcode 14.0";
			developmentRegion = en;
			hasScannedForEncodings = 0;
			knownRegions = (
				en,
				Base,
			);
			mainGroup = 04401CF62CBCCC9E001E1E3F;
			productRefGroup = 04401D002CBCCC9E001E1E3F /* Products */;
			projectDirPath = "";
			projectRoot = "";
			targets = (
				04401CFE2CBCCC9E001E1E3F /* WebServiceMoyaCodableResultDemo */,
			);
		};
/* End PBXProject section */

/* Begin PBXResourcesBuildPhase section */
		04401CFD2CBCCC9E001E1E3F /* Resources */ = {
			isa = PBXResourcesBuildPhase;
			buildActionMask = 2147483647;
			files = (
				04401D242CBCCCA8001E1E3F /* Assets.xcassets in Resources */,
				04401D262CBCCCA8001E1E3F /* LaunchScreen.storyboard in Resources */,
				04401D272CBCCCA8001E1E3F /* Main.storyboard in Resources */,
			);
			runOnlyForDeploymentPostprocessing = 0;
		};
/* End PBXResourcesBuildPhase section */

/* Begin PBXShellScriptBuildPhase section */
		2D895FBE184E9A373055644B /* [CP] Check Pods Manifest.lock */ = {
			isa = PBXShellScriptBuildPhase;
			buildActionMask = 2147483647;
			files = (
			);
			inputFileListPaths = (
			);
			inputPaths = (
				"${PODS_PODFILE_DIR_PATH}/Podfile.lock",
				"${PODS_ROOT}/Manifest.lock",
			);
			name = "[CP] Check Pods Manifest.lock";
			outputFileListPaths = (
			);
			outputPaths = (
				"$(DERIVED_FILE_DIR)/Pods-WebServiceMoyaCodableResultDemo-checkManifestLockResult.txt",
			);
			runOnlyForDeploymentPostprocessing = 0;
			shellPath = /bin/sh;
			shellScript = "diff \"${PODS_PODFILE_DIR_PATH}/Podfile.lock\" \"${PODS_ROOT}/Manifest.lock\" > /dev/null\nif [ $? != 0 ] ; then\n    # print error to STDERR\n    echo \"error: The sandbox is not in sync with the Podfile.lock. Run 'pod install' or update your CocoaPods installation.\" >&2\n    exit 1\nfi\n# This output is used by Xcode 'outputs' to avoid re-running this script phase.\necho \"SUCCESS\" > \"${SCRIPT_OUTPUT_FILE_0}\"\n";
			showEnvVarsInLog = 0;
		};
		6F756961B6358D199B95B54C /* [CP] Embed Pods Frameworks */ = {
			isa = PBXShellScriptBuildPhase;
			buildActionMask = 2147483647;
			files = (
			);
			inputFileListPaths = (
				"${PODS_ROOT}/Target Support Files/Pods-WebServiceMoyaCodableResultDemo/Pods-WebServiceMoyaCodableResultDemo-frameworks-${CONFIGURATION}-input-files.xcfilelist",
			);
			name = "[CP] Embed Pods Frameworks";
			outputFileListPaths = (
				"${PODS_ROOT}/Target Support Files/Pods-WebServiceMoyaCodableResultDemo/Pods-WebServiceMoyaCodableResultDemo-frameworks-${CONFIGURATION}-output-files.xcfilelist",
			);
			runOnlyForDeploymentPostprocessing = 0;
			shellPath = /bin/sh;
			shellScript = "\"${PODS_ROOT}/Target Support Files/Pods-WebServiceMoyaCodableResultDemo/Pods-WebServiceMoyaCodableResultDemo-frameworks.sh\"\n";
			showEnvVarsInLog = 0;
		};
/* End PBXShellScriptBuildPhase section */

/* Begin PBXSourcesBuildPhase section */
		04401CFB2CBCCC9E001E1E3F /* Sources */ = {
			isa = PBXSourcesBuildPhase;
			buildActionMask = 2147483647;
			files = (
				04401D212CBCCCA8001E1E3F /* AppDelegate.swift in Sources */,
				04401D482CBE132E001E1E3F /* LXUploadFileInfo.swift in Sources */,
				04401D492CBE132E001E1E3F /* ServerKey.swift in Sources */,
				04401D4A2CBE132E001E1E3F /* MoyaTargetEx.swift in Sources */,
				04401D4B2CBE132E001E1E3F /* CodableEx.swift in Sources */,
				04401D4C2CBE132E001E1E3F /* LXError.swift in Sources */,
				04401D4D2CBE132E001E1E3F /* TestModel.swift in Sources */,
				04401D4E2CBE132E001E1E3F /* LXWebServiceHelper.swift in Sources */,
				04401D4F2CBE132E001E1E3F /* TestPolicyApi.swift in Sources */,
				04401D502CBE132E001E1E3F /* LXAESEncoding.swift in Sources */,
				04401D512CBE132E001E1E3F /* LXHandleRequestPlugin.swift in Sources */,
				04401D522CBE132E001E1E3F /* LXResponseContainer.swift in Sources */,
				04401D222CBCCCA8001E1E3F /* SceneDelegate.swift in Sources */,
				04401D232CBCCCA8001E1E3F /* ViewController.swift in Sources */,
				04401D562CBE1C7A001E1E3F /* CityInfo.swift in Sources */,
				04401D542CBE13CC001E1E3F /* DebugPrint.swift in Sources */,
			);
			runOnlyForDeploymentPostprocessing = 0;
		};
/* End PBXSourcesBuildPhase section */

/* Begin PBXVariantGroup section */
		04401D1B2CBCCCA8001E1E3F /* LaunchScreen.storyboard */ = {
			isa = PBXVariantGroup;
			children = (
				04401D1A2CBCCCA8001E1E3F /* Base */,
			);
			name = LaunchScreen.storyboard;
			sourceTree = "<group>";
		};
		04401D1D2CBCCCA8001E1E3F /* Main.storyboard */ = {
			isa = PBXVariantGroup;
			children = (
				04401D1C2CBCCCA8001E1E3F /* Base */,
			);
			name = Main.storyboard;
			sourceTree = "<group>";
		};
/* End PBXVariantGroup section */

/* Begin XCBuildConfiguration section */
		04401D132CBCCC9F001E1E3F /* Debug */ = {
			isa = XCBuildConfiguration;
			baseConfigurationReference = 730689C9B162C9F573AA3228 /* Pods-WebServiceMoyaCodableResultDemo.debug.xcconfig */;
			buildSettings = {
				ASSETCATALOG_COMPILER_APPICON_NAME = AppIcon;
				ASSETCATALOG_COMPILER_GLOBAL_ACCENT_COLOR_NAME = AccentColor;
				CODE_SIGN_STYLE = Automatic;
				CURRENT_PROJECT_VERSION = 1;
				GENERATE_INFOPLIST_FILE = YES;
				INFOPLIST_FILE = WebServiceMoyaCodableResultDemo/Info.plist;
				INFOPLIST_KEY_UIApplicationSupportsIndirectInputEvents = YES;
				INFOPLIST_KEY_UILaunchStoryboardName = LaunchScreen;
				INFOPLIST_KEY_UIMainStoryboardFile = Main;
				INFOPLIST_KEY_UISupportedInterfaceOrientations_iPad = "UIInterfaceOrientationPortrait UIInterfaceOrientationPortraitUpsideDown UIInterfaceOrientationLandscapeLeft UIInterfaceOrientationLandscapeRight";
				INFOPLIST_KEY_UISupportedInterfaceOrientations_iPhone = "UIInterfaceOrientationPortrait UIInterfaceOrientationLandscapeLeft UIInterfaceOrientationLandscapeRight";
				LD_RUNPATH_SEARCH_PATHS = (
					"$(inherited)",
					"@executable_path/Frameworks",
				);
				MARKETING_VERSION = 1.0;
				PRODUCT_BUNDLE_IDENTIFIER = com.xwl.WebServiceMoyaCodableResultDemo;
				PRODUCT_NAME = "$(TARGET_NAME)";
				SWIFT_EMIT_LOC_STRINGS = YES;
				SWIFT_VERSION = 5.0;
				TARGETED_DEVICE_FAMILY = "1,2";
			};
			name = Debug;
		};
		04401D142CBCCC9F001E1E3F /* Release */ = {
			isa = XCBuildConfiguration;
			baseConfigurationReference = 6CDD91B0870E4AD43F27B0C9 /* Pods-WebServiceMoyaCodableResultDemo.release.xcconfig */;
			buildSettings = {
				ASSETCATALOG_COMPILER_APPICON_NAME = AppIcon;
				ASSETCATALOG_COMPILER_GLOBAL_ACCENT_COLOR_NAME = AccentColor;
				CODE_SIGN_STYLE = Automatic;
				CURRENT_PROJECT_VERSION = 1;
				GENERATE_INFOPLIST_FILE = YES;
				INFOPLIST_FILE = WebServiceMoyaCodableResultDemo/Info.plist;
				INFOPLIST_KEY_UIApplicationSupportsIndirectInputEvents = YES;
				INFOPLIST_KEY_UILaunchStoryboardName = LaunchScreen;
				INFOPLIST_KEY_UIMainStoryboardFile = Main;
				INFOPLIST_KEY_UISupportedInterfaceOrientations_iPad = "UIInterfaceOrientationPortrait UIInterfaceOrientationPortraitUpsideDown UIInterfaceOrientationLandscapeLeft UIInterfaceOrientationLandscapeRight";
				INFOPLIST_KEY_UISupportedInterfaceOrientations_iPhone = "UIInterfaceOrientationPortrait UIInterfaceOrientationLandscapeLeft UIInterfaceOrientationLandscapeRight";
				LD_RUNPATH_SEARCH_PATHS = (
					"$(inherited)",
					"@executable_path/Frameworks",
				);
				MARKETING_VERSION = 1.0;
				PRODUCT_BUNDLE_IDENTIFIER = com.xwl.WebServiceMoyaCodableResultDemo;
				PRODUCT_NAME = "$(TARGET_NAME)";
				SWIFT_EMIT_LOC_STRINGS = YES;
				SWIFT_VERSION = 5.0;
				TARGETED_DEVICE_FAMILY = "1,2";
			};
			name = Release;
		};
		04401D152CBCCC9F001E1E3F /* Debug */ = {
			isa = XCBuildConfiguration;
			buildSettings = {
				ALWAYS_SEARCH_USER_PATHS = NO;
				ASSETCATALOG_COMPILER_GENERATE_SWIFT_ASSET_SYMBOL_EXTENSIONS = YES;
				CLANG_ANALYZER_NONNULL = YES;
				CLANG_ANALYZER_NUMBER_OBJECT_CONVERSION = YES_AGGRESSIVE;
				CLANG_CXX_LANGUAGE_STANDARD = "gnu++20";
				CLANG_ENABLE_MODULES = YES;
				CLANG_ENABLE_OBJC_ARC = YES;
				CLANG_ENABLE_OBJC_WEAK = YES;
				CLANG_WARN_BLOCK_CAPTURE_AUTORELEASING = YES;
				CLANG_WARN_BOOL_CONVERSION = YES;
				CLANG_WARN_COMMA = YES;
				CLANG_WARN_CONSTANT_CONVERSION = YES;
				CLANG_WARN_DEPRECATED_OBJC_IMPLEMENTATIONS = YES;
				CLANG_WARN_DIRECT_OBJC_ISA_USAGE = YES_ERROR;
				CLANG_WARN_DOCUMENTATION_COMMENTS = YES;
				CLANG_WARN_EMPTY_BODY = YES;
				CLANG_WARN_ENUM_CONVERSION = YES;
				CLANG_WARN_INFINITE_RECURSION = YES;
				CLANG_WARN_INT_CONVERSION = YES;
				CLANG_WARN_NON_LITERAL_NULL_CONVERSION = YES;
				CLANG_WARN_OBJC_IMPLICIT_RETAIN_SELF = YES;
				CLANG_WARN_OBJC_LITERAL_CONVERSION = YES;
				CLANG_WARN_OBJC_ROOT_CLASS = YES_ERROR;
				CLANG_WARN_QUOTED_INCLUDE_IN_FRAMEWORK_HEADER = YES;
				CLANG_WARN_RANGE_LOOP_ANALYSIS = YES;
				CLANG_WARN_STRICT_PROTOTYPES = YES;
				CLANG_WARN_SUSPICIOUS_MOVE = YES;
				CLANG_WARN_UNGUARDED_AVAILABILITY = YES_AGGRESSIVE;
				CLANG_WARN_UNREACHABLE_CODE = YES;
				CLANG_WARN__DUPLICATE_METHOD_MATCH = YES;
				COPY_PHASE_STRIP = NO;
				DEBUG_INFORMATION_FORMAT = dwarf;
				ENABLE_STRICT_OBJC_MSGSEND = YES;
				ENABLE_TESTABILITY = YES;
				ENABLE_USER_SCRIPT_SANDBOXING = NO;
				GCC_C_LANGUAGE_STANDARD = gnu17;
				GCC_DYNAMIC_NO_PIC = NO;
				GCC_NO_COMMON_BLOCKS = YES;
				GCC_OPTIMIZATION_LEVEL = 0;
				GCC_PREPROCESSOR_DEFINITIONS = (
					"DEBUG=1",
					"$(inherited)",
				);
				GCC_WARN_64_TO_32_BIT_CONVERSION = YES;
				GCC_WARN_ABOUT_RETURN_TYPE = YES_ERROR;
				GCC_WARN_UNDECLARED_SELECTOR = YES;
				GCC_WARN_UNINITIALIZED_AUTOS = YES_AGGRESSIVE;
				GCC_WARN_UNUSED_FUNCTION = YES;
				GCC_WARN_UNUSED_VARIABLE = YES;
				IPHONEOS_DEPLOYMENT_TARGET = 18.0;
				LOCALIZATION_PREFERS_STRING_CATALOGS = YES;
				MTL_ENABLE_DEBUG_INFO = INCLUDE_SOURCE;
				MTL_FAST_MATH = YES;
				ONLY_ACTIVE_ARCH = YES;
				SDKROOT = iphoneos;
				SWIFT_ACTIVE_COMPILATION_CONDITIONS = "DEBUG $(inherited)";
				SWIFT_OPTIMIZATION_LEVEL = "-Onone";
			};
			name = Debug;
		};
		04401D162CBCCC9F001E1E3F /* Release */ = {
			isa = XCBuildConfiguration;
			buildSettings = {
				ALWAYS_SEARCH_USER_PATHS = NO;
				ASSETCATALOG_COMPILER_GENERATE_SWIFT_ASSET_SYMBOL_EXTENSIONS = YES;
				CLANG_ANALYZER_NONNULL = YES;
				CLANG_ANALYZER_NUMBER_OBJECT_CONVERSION = YES_AGGRESSIVE;
				CLANG_CXX_LANGUAGE_STANDARD = "gnu++20";
				CLANG_ENABLE_MODULES = YES;
				CLANG_ENABLE_OBJC_ARC = YES;
				CLANG_ENABLE_OBJC_WEAK = YES;
				CLANG_WARN_BLOCK_CAPTURE_AUTORELEASING = YES;
				CLANG_WARN_BOOL_CONVERSION = YES;
				CLANG_WARN_COMMA = YES;
				CLANG_WARN_CONSTANT_CONVERSION = YES;
				CLANG_WARN_DEPRECATED_OBJC_IMPLEMENTATIONS = YES;
				CLANG_WARN_DIRECT_OBJC_ISA_USAGE = YES_ERROR;
				CLANG_WARN_DOCUMENTATION_COMMENTS = YES;
				CLANG_WARN_EMPTY_BODY = YES;
				CLANG_WARN_ENUM_CONVERSION = YES;
				CLANG_WARN_INFINITE_RECURSION = YES;
				CLANG_WARN_INT_CONVERSION = YES;
				CLANG_WARN_NON_LITERAL_NULL_CONVERSION = YES;
				CLANG_WARN_OBJC_IMPLICIT_RETAIN_SELF = YES;
				CLANG_WARN_OBJC_LITERAL_CONVERSION = YES;
				CLANG_WARN_OBJC_ROOT_CLASS = YES_ERROR;
				CLANG_WARN_QUOTED_INCLUDE_IN_FRAMEWORK_HEADER = YES;
				CLANG_WARN_RANGE_LOOP_ANALYSIS = YES;
				CLANG_WARN_STRICT_PROTOTYPES = YES;
				CLANG_WARN_SUSPICIOUS_MOVE = YES;
				CLANG_WARN_UNGUARDED_AVAILABILITY = YES_AGGRESSIVE;
				CLANG_WARN_UNREACHABLE_CODE = YES;
				CLANG_WARN__DUPLICATE_METHOD_MATCH = YES;
				COPY_PHASE_STRIP = NO;
				DEBUG_INFORMATION_FORMAT = "dwarf-with-dsym";
				ENABLE_NS_ASSERTIONS = NO;
				ENABLE_STRICT_OBJC_MSGSEND = YES;
				ENABLE_USER_SCRIPT_SANDBOXING = NO;
				GCC_C_LANGUAGE_STANDARD = gnu17;
				GCC_NO_COMMON_BLOCKS = YES;
				GCC_WARN_64_TO_32_BIT_CONVERSION = YES;
				GCC_WARN_ABOUT_RETURN_TYPE = YES_ERROR;
				GCC_WARN_UNDECLARED_SELECTOR = YES;
				GCC_WARN_UNINITIALIZED_AUTOS = YES_AGGRESSIVE;
				GCC_WARN_UNUSED_FUNCTION = YES;
				GCC_WARN_UNUSED_VARIABLE = YES;
				IPHONEOS_DEPLOYMENT_TARGET = 18.0;
				LOCALIZATION_PREFERS_STRING_CATALOGS = YES;
				MTL_ENABLE_DEBUG_INFO = NO;
				MTL_FAST_MATH = YES;
				SDKROOT = iphoneos;
				SWIFT_COMPILATION_MODE = wholemodule;
				VALIDATE_PRODUCT = YES;
			};
			name = Release;
		};
/* End XCBuildConfiguration section */

/* Begin XCConfigurationList section */
		04401CFA2CBCCC9E001E1E3F /* Build configuration list for PBXProject "WebServiceMoyaCodableResultDemo" */ = {
			isa = XCConfigurationList;
			buildConfigurations = (
				04401D152CBCCC9F001E1E3F /* Debug */,
				04401D162CBCCC9F001E1E3F /* Release */,
			);
			defaultConfigurationIsVisible = 0;
			defaultConfigurationName = Release;
		};
		04401D122CBCCC9F001E1E3F /* Build configuration list for PBXNativeTarget "WebServiceMoyaCodableResultDemo" */ = {
			isa = XCConfigurationList;
			buildConfigurations = (
				04401D132CBCCC9F001E1E3F /* Debug */,
				04401D142CBCCC9F001E1E3F /* Release */,
			);
			defaultConfigurationIsVisible = 0;
			defaultConfigurationName = Release;
		};
/* End XCConfigurationList section */
	};
	rootObject = 04401CF72CBCCC9E001E1E3F /* Project object */;
}
